
Microsoft Visual Studio Solution File, Format Version 12.00
# Visual Studio Version 17
VisualStudioVersion = 17.8.34330.188
MinimumVisualStudioVersion = 10.0.40219.1
Project("{FAE04EC0-301F-11D3-BF4B-00C04F79EFBC}") = "MyWebLib", "MyWebLib\MyWebLib.csproj", "{66ADA9CC-A18F-41F1-BC34-DC294E54DCE0}"
EndProject
Global
	GlobalSection(SolutionConfigurationPlatforms) = preSolution
		Debug|Any CPU = Debug|Any CPU
		Release|Any CPU = Release|Any CPU
	EndGlobalSection
	GlobalSection(ProjectConfigurationPlatforms) = postSolution
		{66ADA9CC-A18F-41F1-BC34-DC294E54DCE0}.Debug|Any CPU.ActiveCfg = Debug|Any CPU
		{66ADA9CC-A18F-41F1-BC34-DC294E54DCE0}.Debug|Any CPU.Build.0 = Debug|Any CPU
		{66ADA9CC-A18F-41F1-BC34-DC294E54DCE0}.Release|Any CPU.ActiveCfg = Release|Any CPU
		{66ADA9CC-A18F-41F1-BC34-DC294E54DCE0}.Release|Any CPU.Build.0 = Release|Any CPU
	EndGlobalSection
	GlobalSection(SolutionProperties) = preSolution
		HideSolutionNode = FALSE
	EndGlobalSection
	GlobalSection(ExtensibilityGlobals) = postSolution
		SolutionGuid = {BE9A41C7-FE99-44BD-9496-53801C060790}
	EndGlobalSection
EndGlobal
